// !$*UTF8*$!
{
	archiveVersion = 1;
	classes = {
	};
	objectVersion = 46;
	objects = {

/* Begin PBXBuildFile section */
		224BC58A1C89F65F00E580C0 /* main.m in Sources */ = {isa = PBXBuildFile; fileRef = 224BC5891C89F65F00E580C0 /* main.m */; };
		224BC58D1C89F65F00E580C0 /* AppDelegate.m in Sources */ = {isa = PBXBuildFile; fileRef = 224BC58C1C89F65F00E580C0 /* AppDelegate.m */; };
		224BC5901C89F65F00E580C0 /* ViewController.m in Sources */ = {isa = PBXBuildFile; fileRef = 224BC58F1C89F65F00E580C0 /* ViewController.m */; };
		224BC5931C89F65F00E580C0 /* Main.storyboard in Resources */ = {isa = PBXBuildFile; fileRef = 224BC5911C89F65F00E580C0 /* Main.storyboard */; };
		224BC5951C89F65F00E580C0 /* Assets.xcassets in Resources */ = {isa = PBXBuildFile; fileRef = 224BC5941C89F65F00E580C0 /* Assets.xcassets */; };
		224BC5981C89F65F00E580C0 /* LaunchScreen.storyboard in Resources */ = {isa = PBXBuildFile; fileRef = 224BC5961C89F65F00E580C0 /* LaunchScreen.storyboard */; };
		224BC5A61C89FACD00E580C0 /* Foundation+Log.m in Sources */ = {isa = PBXBuildFile; fileRef = 224BC5A21C89FACD00E580C0 /* Foundation+Log.m */; };
		224BC5A71C89FACD00E580C0 /* UIView+Utils.m in Sources */ = {isa = PBXBuildFile; fileRef = 224BC5A51C89FACD00E580C0 /* UIView+Utils.m */; };
/* End PBXBuildFile section */

/* Begin PBXFileReference section */
		224BC5851C89F65F00E580C0 /* ZXCategory.app */ = {isa = PBXFileReference; explicitFileType = wrapper.application; includeInIndex = 0; path = ZXCategory.app; sourceTree = BUILT_PRODUCTS_DIR; };
		224BC5891C89F65F00E580C0 /* main.m */ = {isa = PBXFileReference; lastKnownFileType = sourcecode.c.objc; path = main.m; sourceTree = "<group>"; };
		224BC58B1C89F65F00E580C0 /* AppDelegate.h */ = {isa = PBXFileReference; lastKnownFileType = sourcecode.c.h; path = AppDelegate.h; sourceTree = "<group>"; };
		224BC58C1C89F65F00E580C0 /* AppDelegate.m */ = {isa = PBXFileReference; lastKnownFileType = sourcecode.c.objc; path = AppDelegate.m; sourceTree = "<group>"; };
		224BC58E1C89F65F00E580C0 /* ViewController.h */ = {isa = PBXFileReference; lastKnownFileType = sourcecode.c.h; path = ViewController.h; sourceTree = "<group>"; };
		224BC58F1C89F65F00E580C0 /* ViewController.m */ = {isa = PBXFileReference; lastKnownFileType = sourcecode.c.objc; path = ViewController.m; sourceTree = "<group>"; };
		224BC5921C89F65F00E580C0 /* Base */ = {isa = PBXFileReference; lastKnownFileType = file.storyboard; name = Base; path = Base.lproj/Main.storyboard; sourceTree = "<group>"; };
		224BC5941C89F65F00E580C0 /* Assets.xcassets */ = {isa = PBXFileReference; lastKnownFileType = folder.assetcatalog; path = Assets.xcassets; sourceTree = "<group>"; };
		224BC5971C89F65F00E580C0 /* Base */ = {isa = PBXFileReference; lastKnownFileType = file.storyboard; name = Base; path = Base.lproj/LaunchScreen.storyboard; sourceTree = "<group>"; };
		224BC5991C89F65F00E580C0 /* Info.plist */ = {isa = PBXFileReference; lastKnownFileType = text.plist.xml; path = Info.plist; sourceTree = "<group>"; };
		224BC5A11C89FACD00E580C0 /* Foundation+Log.h */ = {isa = PBXFileReference; fileEncoding = 4; lastKnownFileType = sourcecode.c.h; path = "Foundation+Log.h"; sourceTree = "<group>"; };
		224BC5A21C89FACD00E580C0 /* Foundation+Log.m */ = {isa = PBXFileReference; fileEncoding = 4; lastKnownFileType = sourcecode.c.objc; path = "Foundation+Log.m"; sourceTree = "<group>"; };
		224BC5A41C89FACD00E580C0 /* UIView+Utils.h */ = {isa = PBXFileReference; fileEncoding = 4; lastKnownFileType = sourcecode.c.h; path = "UIView+Utils.h"; sourceTree = "<group>"; };
		224BC5A51C89FACD00E580C0 /* UIView+Utils.m */ = {isa = PBXFileReference; fileEncoding = 4; lastKnownFileType = sourcecode.c.objc; path = "UIView+Utils.m"; sourceTree = "<group>"; };
/* End PBXFileReference section */

/* Begin PBXFrameworksBuildPhase section */
		224BC5821C89F65F00E580C0 /* Frameworks */ = {
			isa = PBXFrameworksBuildPhase;
			buildActionMask = 2147483647;
			files = (
			);
			runOnlyForDeploymentPostprocessing = 0;
		};
/* End PBXFrameworksBuildPhase section */

/* Begin PBXGroup section */
		224BC57C1C89F65F00E580C0 = {
			isa = PBXGroup;
			children = (
				224BC5871C89F65F00E580C0 /* ZXCategory */,
				224BC5861C89F65F00E580C0 /* Products */,
			);
			sourceTree = "<group>";
		};
		224BC5861C89F65F00E580C0 /* Products */ = {
			isa = PBXGroup;
			children = (
				224BC5851C89F65F00E580C0 /* ZXCategory.app */,
			);
			name = Products;
			sourceTree = "<group>";
		};
		224BC5871C89F65F00E580C0 /* ZXCategory */ = {
			isa = PBXGroup;
			children = (
				224BC58B1C89F65F00E580C0 /* AppDelegate.h */,
				224BC58C1C89F65F00E580C0 /* AppDelegate.m */,
				224BC58E1C89F65F00E580C0 /* ViewController.h */,
				224BC58F1C89F65F00E580C0 /* ViewController.m */,
				224BC5911C89F65F00E580C0 /* Main.storyboard */,
				224BC5941C89F65F00E580C0 /* Assets.xcassets */,
				224BC5961C89F65F00E580C0 /* LaunchScreen.storyboard */,
				224BC5991C89F65F00E580C0 /* Info.plist */,
				224BC59F1C89FACD00E580C0 /* ZXCategory */,
				224BC5881C89F65F00E580C0 /* Supporting Files */,
			);
			path = ZXCategory;
			sourceTree = "<group>";
		};
		224BC5881C89F65F00E580C0 /* Supporting Files */ = {
			isa = PBXGroup;
			children = (
				224BC5891C89F65F00E580C0 /* main.m */,
			);
			name = "Supporting Files";
			sourceTree = "<group>";
		};
		224BC59F1C89FACD00E580C0 /* ZXCategory */ = {
			isa = PBXGroup;
			children = (
				224BC5A01C89FACD00E580C0 /* EasyLog */,
				224BC5A31C89FACD00E580C0 /* UIView */,
			);
			path = ZXCategory;
			sourceTree = "<group>";
		};
		224BC5A01C89FACD00E580C0 /* EasyLog */ = {
			isa = PBXGroup;
			children = (
				224BC5A11C89FACD00E580C0 /* Foundation+Log.h */,
				224BC5A21C89FACD00E580C0 /* Foundation+Log.m */,
			);
			path = EasyLog;
			sourceTree = "<group>";
		};
		224BC5A31C89FACD00E580C0 /* UIView */ = {
			isa = PBXGroup;
			children = (
				224BC5A41C89FACD00E580C0 /* UIView+Utils.h */,
				224BC5A51C89FACD00E580C0 /* UIView+Utils.m */,
			);
			path = UIView;
			sourceTree = "<group>";
		};
/* End PBXGroup section */

/* Begin PBXNativeTarget section */
		224BC5841C89F65F00E580C0 /* ZXCategory */ = {
			isa = PBXNativeTarget;
			buildConfigurationList = 224BC59C1C89F65F00E580C0 /* Build configuration list for PBXNativeTarget "ZXCategory" */;
			buildPhases = (
				224BC5811C89F65F00E580C0 /* Sources */,
				224BC5821C89F65F00E580C0 /* Frameworks */,
				224BC5831C89F65F00E580C0 /* Resources */,
			);
			buildRules = (
			);
			dependencies = (
			);
			name = ZXCategory;
			productName = ZXCategory;
			productReference = 224BC5851C89F65F00E580C0 /* ZXCategory.app */;
			productType = "com.apple.product-type.application";
		};
/* End PBXNativeTarget section */

/* Begin PBXProject section */
		224BC57D1C89F65F00E580C0 /* Project object */ = {
			isa = PBXProject;
			attributes = {
				LastUpgradeCheck = 0720;
				ORGANIZATIONNAME = XIN;
				TargetAttributes = {
					224BC5841C89F65F00E580C0 = {
						CreatedOnToolsVersion = 7.2;
					};
				};
			};
			buildConfigurationList = 224BC5801C89F65F00E580C0 /* Build configuration list for PBXProject "ZXCategory" */;
			compatibilityVersion = "Xcode 3.2";
			developmentRegion = English;
			hasScannedForEncodings = 0;
			knownRegions = (
				en,
				Base,
			);
			mainGroup = 224BC57C1C89F65F00E580C0;
			productRefGroup = 224BC5861C89F65F00E580C0 /* Products */;
			projectDirPath = "";
			projectRoot = "";
			targets = (
				224BC5841C89F65F00E580C0 /* ZXCategory */,
			);
		};
/* End PBXProject section */

/* Begin PBXResourcesBuildPhase section */
		224BC5831C89F65F00E580C0 /* Resources */ = {
			isa = PBXResourcesBuildPhase;
			buildActionMask = 2147483647;
			files = (
				224BC5981C89F65F00E580C0 /* LaunchScreen.storyboard in Resources */,
				224BC5951C89F65F00E580C0 /* Assets.xcassets in Resources */,
				224BC5931C89F65F00E580C0 /* Main.storyboard in Resources */,
			);
			runOnlyForDeploymentPostprocessing = 0;
		};
/* End PBXResourcesBuildPhase section */

/* Begin PBXSourcesBuildPhase section */
		224BC5811C89F65F00E580C0 /* Sources */ = {
			isa = PBXSourcesBuildPhase;
			buildActionMask = 2147483647;
			files = (
				224BC5901C89F65F00E580C0 /* ViewController.m in Sources */,
				224BC58D1C89F65F00E580C0 /* AppDelegate.m in Sources */,
				224BC58A1C89F65F00E580C0 /* main.m in Sources */,
				224BC5A71C89FACD00E580C0 /* UIView+Utils.m in Sources */,
				224BC5A61C89FACD00E580C0 /* Foundation+Log.m in Sources */,
			);
			runOnlyForDeploymentPostprocessing = 0;
		};
/* End PBXSourcesBuildPhase section */

/* Begin PBXVariantGroup section */
		224BC5911C89F65F00E580C0 /* Main.storyboard */ = {
			isa = PBXVariantGroup;
			children = (
				224BC5921C89F65F00E580C0 /* Base */,
			);
			name = Main.storyboard;
			sourceTree = "<group>";
		};
		224BC5961C89F65F00E580C0 /* LaunchScreen.storyboard */ = {
			isa = PBXVariantGroup;
			children = (
				224BC5971C89F65F00E580C0 /* Base */,
			);
			name = LaunchScreen.storyboard;
			sourceTree = "<group>";
		};
/* End PBXVariantGroup section */

/* Begin XCBuildConfiguration section */
		224BC59A1C89F65F00E580C0 /* Debug */ = {
			isa = XCBuildConfiguration;
			buildSettings = {
				ALWAYS_SEARCH_USER_PATHS = NO;
				CLANG_CXX_LANGUAGE_STANDARD = "gnu++0x";
				CLANG_CXX_LIBRARY = "libc++";
				CLANG_ENABLE_MODULES = YES;
				CLANG_ENABLE_OBJC_ARC = YES;
				CLANG_WARN_BOOL_CONVERSION = YES;
				CLANG_WARN_CONSTANT_CONVERSION = YES;
				CLANG_WARN_DIRECT_OBJC_ISA_USAGE = YES_ERROR;
				CLANG_WARN_EMPTY_BODY = YES;
				CLANG_WARN_ENUM_CONVERSION = YES;
				CLANG_WARN_INT_CONVERSION = YES;
				CLANG_WARN_OBJC_ROOT_CLASS = YES_ERROR;
				CLANG_WARN_UNREACHABLE_CODE = YES;
				CLANG_WARN__DUPLICATE_METHOD_MATCH = YES;
				"CODE_SIGN_IDENTITY[sdk=iphoneos*]" = "iPhone Developer";
				COPY_PHASE_STRIP = NO;
				DEBUG_INFORMATION_FORMAT = dwarf;
				ENABLE_STRICT_OBJC_MSGSEND = YES;
				ENABLE_TESTABILITY = YES;
				GCC_C_LANGUAGE_STANDARD = gnu99;
				GCC_DYNAMIC_NO_PIC = NO;
				GCC_NO_COMMON_BLOCKS = YES;
				GCC_OPTIMIZATION_LEVEL = 0;
				GCC_PREPROCESSOR_DEFINITIONS = (
					"DEBUG=1",
					"$(inherited)",
				);
				GCC_WARN_64_TO_32_BIT_CONVERSION = YES;
				GCC_WARN_ABOUT_RETURN_TYPE = YES_ERROR;
				GCC_WARN_UNDECLARED_SELECTOR = YES;
				GCC_WARN_UNINITIALIZED_AUTOS = YES_AGGRESSIVE;
				GCC_WARN_UNUSED_FUNCTION = YES;
				GCC_WARN_UNUSED_VARIABLE = YES;
				IPHONEOS_DEPLOYMENT_TARGET = 9.2;
				MTL_ENABLE_DEBUG_INFO = YES;
				ONLY_ACTIVE_ARCH = YES;
				SDKROOT = iphoneos;
				TARGETED_DEVICE_FAMILY = "1,2";
			};
			name = Debug;
		};
		224BC59B1C89F65F00E580C0 /* Release */ = {
			isa = XCBuildConfiguration;
			buildSettings = {
				ALWAYS_SEARCH_USER_PATHS = NO;
				CLANG_CXX_LANGUAGE_STANDARD = "gnu++0x";
				CLANG_CXX_LIBRARY = "libc++";
				CLANG_ENABLE_MODULES = YES;
				CLANG_ENABLE_OBJC_ARC = YES;
				CLANG_WARN_BOOL_CONVERSION = YES;
				CLANG_WARN_CONSTANT_CONVERSION = YES;
				CLANG_WARN_DIRECT_OBJC_ISA_USAGE = YES_ERROR;
				CLANG_WARN_EMPTY_BODY = YES;
				CLANG_WARN_ENUM_CONVERSION = YES;
				CLANG_WARN_INT_CONVERSION = YES;
				CLANG_WARN_OBJC_ROOT_CLASS = YES_ERROR;
				CLANG_WARN_UNREACHABLE_CODE = YES;
				CLANG_WARN__DUPLICATE_METHOD_MATCH = YES;
				"CODE_SIGN_IDENTITY[sdk=iphoneos*]" = "iPhone Developer";
				COPY_PHASE_STRIP = NO;
				DEBUG_INFORMATION_FORMAT = "dwarf-with-dsym";
				ENABLE_NS_ASSERTIONS = NO;
				ENABLE_STRICT_OBJC_MSGSEND = YES;
				GCC_C_LANGUAGE_STANDARD = gnu99;
				GCC_NO_COMMON_BLOCKS = YES;
				GCC_WARN_64_TO_32_BIT_CONVERSION = YES;
				GCC_WARN_ABOUT_RETURN_TYPE = YES_ERROR;
				GCC_WARN_UNDECLARED_SELECTOR = YES;
				GCC_WARN_UNINITIALIZED_AUTOS = YES_AGGRESSIVE;
				GCC_WARN_UNUSED_FUNCTION = YES;
				GCC_WARN_UNUSED_VARIABLE = YES;
				IPHONEOS_DEPLOYMENT_TARGET = 9.2;
				MTL_ENABLE_DEBUG_INFO = NO;
				SDKROOT = iphoneos;
				TARGETED_DEVICE_FAMILY = "1,2";
				VALIDATE_PRODUCT = YES;
			};
			name = Release;
		};
		224BC59D1C89F65F00E580C0 /* Debug */ = {
			isa = XCBuildConfiguration;
			buildSettings = {
				ASSETCATALOG_COMPILER_APPICON_NAME = AppIcon;
				ASSETCATALOG_COMPILER_LAUNCHIMAGE_NAME = "Brand Assets";
				INFOPLIST_FILE = ZXCategory/Info.plist;
				IPHONEOS_DEPLOYMENT_TARGET = 7.0;
				LD_RUNPATH_SEARCH_PATHS = "$(inherited) @executable_path/Frameworks";
				PRODUCT_BUNDLE_IDENTIFIER = com.xin.ZXCategory;
				PRODUCT_NAME = "$(TARGET_NAME)";
			};
			name = Debug;
		};
		224BC59E1C89F65F00E580C0 /* Release */ = {
			isa = XCBuildConfiguration;
			buildSettings = {
				ASSETCATALOG_COMPILER_APPICON_NAME = AppIcon;
				ASSETCATALOG_COMPILER_LAUNCHIMAGE_NAME = "Brand Assets";
				INFOPLIST_FILE = ZXCategory/Info.plist;
				IPHONEOS_DEPLOYMENT_TARGET = 7.0;
				LD_RUNPATH_SEARCH_PATHS = "$(inherited) @executable_path/Frameworks";
				PRODUCT_BUNDLE_IDENTIFIER = com.xin.ZXCategory;
				PRODUCT_NAME = "$(TARGET_NAME)";
			};
			name = Release;
		};
/* End XCBuildConfiguration section */

/* Begin XCConfigurationList section */
		224BC5801C89F65F00E580C0 /* Build configuration list for PBXProject "ZXCategory" */ = {
			isa = XCConfigurationList;
			buildConfigurations = (
				224BC59A1C89F65F00E580C0 /* Debug */,
				224BC59B1C89F65F00E580C0 /* Release */,
			);
			defaultConfigurationIsVisible = 0;
			defaultConfigurationName = Release;
		};
		224BC59C1C89F65F00E580C0 /* Build configuration list for PBXNativeTarget "ZXCategory" */ = {
			isa = XCConfigurationList;
			buildConfigurations = (
				224BC59D1C89F65F00E580C0 /* Debug */,
				224BC59E1C89F65F00E580C0 /* Release */,
			);
			defaultConfigurationIsVisible = 0;
			defaultConfigurationName = Release;
		};
/* End XCConfigurationList section */
	};
	rootObject = 224BC57D1C89F65F00E580C0 /* Project object */;
}
